
Microsoft Visual Studio Solution File, Format Version 12.00
# Visual Studio 15
VisualStudioVersion = 15.0.27130.2027
MinimumVisualStudioVersion = 10.0.40219.1
Project("{FAE04EC0-301F-11D3-BF4B-00C04F79EFBC}") = "Ubugo46", "Ubugo46\Ubugo46.csproj", "{C037A989-442E-4D89-A523-EC1029C7561D}"
EndProject
Global
	GlobalSection(SolutionConfigurationPlatforms) = preSolution
		Debug|Any CPU = Debug|Any CPU
		Release|Any CPU = Release|Any CPU
	EndGlobalSection
	GlobalSection(ProjectConfigurationPlatforms) = postSolution
		{C037A989-442E-4D89-A523-EC1029C7561D}.Debug|Any CPU.ActiveCfg = Debug|Any CPU
		{C037A989-442E-4D89-A523-EC1029C7561D}.Debug|Any CPU.Build.0 = Debug|Any CPU
		{C037A989-442E-4D89-A523-EC1029C7561D}.Release|Any CPU.ActiveCfg = Release|Any CPU
		{C037A989-442E-4D89-A523-EC1029C7561D}.Release|Any CPU.Build.0 = Release|Any CPU
	EndGlobalSection
	GlobalSection(SolutionProperties) = preSolution
		HideSolutionNode = FALSE
	EndGlobalSection
	GlobalSection(ExtensibilityGlobals) = postSolution
		SolutionGuid = {4B2E39B7-3C0E-43C9-8B19-866C4B47272D}
	EndGlobalSection
EndGlobal
